
Microsoft Visual Studio Solution File, Format Version 12.00
# Visual Studio 2012
Project("{F184B08F-C81C-45F6-A57F-5ABD9991F28F}") = "Semana02B", "Semana02B\Semana02B.vbproj", "{36EE9A3A-90A2-4E56-86D8-3A1DB3A5DB1E}"
EndProject
Global
	GlobalSection(SolutionConfigurationPlatforms) = preSolution
		Debug|Any CPU = Debug|Any CPU
		Release|Any CPU = Release|Any CPU
	EndGlobalSection
	GlobalSection(ProjectConfigurationPlatforms) = postSolution
		{36EE9A3A-90A2-4E56-86D8-3A1DB3A5DB1E}.Debug|Any CPU.ActiveCfg = Debug|Any CPU
		{36EE9A3A-90A2-4E56-86D8-3A1DB3A5DB1E}.Debug|Any CPU.Build.0 = Debug|Any CPU
		{36EE9A3A-90A2-4E56-86D8-3A1DB3A5DB1E}.Release|Any CPU.ActiveCfg = Release|Any CPU
		{36EE9A3A-90A2-4E56-86D8-3A1DB3A5DB1E}.Release|Any CPU.Build.0 = Release|Any CPU
	EndGlobalSection
	GlobalSection(SolutionProperties) = preSolution
		HideSolutionNode = FALSE
	EndGlobalSection
EndGlobal
