
Microsoft Visual Studio Solution File, Format Version 12.00
# Visual Studio 2012
Project("{F184B08F-C81C-45F6-A57F-5ABD9991F28F}") = "pjWFC", "pjWFC\pjWFC.vbproj", "{9A3946C0-FACE-4B0C-B1B6-D544A3D14442}"
	ProjectSection(ProjectDependencies) = postProject
		{2D354C1F-3689-460D-9863-520191478F30} = {2D354C1F-3689-460D-9863-520191478F30}
	EndProjectSection
EndProject
Project("{F184B08F-C81C-45F6-A57F-5ABD9991F28F}") = "wcfServicios", "wcfServicios\wcfServicios.vbproj", "{2D354C1F-3689-460D-9863-520191478F30}"
EndProject
Global
	GlobalSection(SolutionConfigurationPlatforms) = preSolution
		Debug|Any CPU = Debug|Any CPU
		Release|Any CPU = Release|Any CPU
	EndGlobalSection
	GlobalSection(ProjectConfigurationPlatforms) = postSolution
		{9A3946C0-FACE-4B0C-B1B6-D544A3D14442}.Debug|Any CPU.ActiveCfg = Debug|Any CPU
		{9A3946C0-FACE-4B0C-B1B6-D544A3D14442}.Debug|Any CPU.Build.0 = Debug|Any CPU
		{9A3946C0-FACE-4B0C-B1B6-D544A3D14442}.Release|Any CPU.ActiveCfg = Release|Any CPU
		{9A3946C0-FACE-4B0C-B1B6-D544A3D14442}.Release|Any CPU.Build.0 = Release|Any CPU
		{2D354C1F-3689-460D-9863-520191478F30}.Debug|Any CPU.ActiveCfg = Debug|Any CPU
		{2D354C1F-3689-460D-9863-520191478F30}.Debug|Any CPU.Build.0 = Debug|Any CPU
		{2D354C1F-3689-460D-9863-520191478F30}.Release|Any CPU.ActiveCfg = Release|Any CPU
		{2D354C1F-3689-460D-9863-520191478F30}.Release|Any CPU.Build.0 = Release|Any CPU
	EndGlobalSection
	GlobalSection(SolutionProperties) = preSolution
		HideSolutionNode = FALSE
	EndGlobalSection
EndGlobal
